
Microsoft Visual Studio Solution File, Format Version 12.00
# Visual Studio Version 17
VisualStudioVersion = 17.7.34221.43
MinimumVisualStudioVersion = 10.0.40219.1
Project("{9A19103F-16F7-4668-BE54-9A1E7A4F7556}") = "TekkenVideoDatabase", "TekkenVideoDatabase.csproj", "{84BE7AB5-E3DC-4F7E-937B-94BCC2A74D92}"
EndProject
Global
	GlobalSection(SolutionConfigurationPlatforms) = preSolution
		Debug|Any CPU = Debug|Any CPU
		Release|Any CPU = Release|Any CPU
	EndGlobalSection
	GlobalSection(ProjectConfigurationPlatforms) = postSolution
		{84BE7AB5-E3DC-4F7E-937B-94BCC2A74D92}.Debug|Any CPU.ActiveCfg = Debug|Any CPU
		{84BE7AB5-E3DC-4F7E-937B-94BCC2A74D92}.Debug|Any CPU.Build.0 = Debug|Any CPU
		{84BE7AB5-E3DC-4F7E-937B-94BCC2A74D92}.Release|Any CPU.ActiveCfg = Release|Any CPU
		{84BE7AB5-E3DC-4F7E-937B-94BCC2A74D92}.Release|Any CPU.Build.0 = Release|Any CPU
	EndGlobalSection
	GlobalSection(SolutionProperties) = preSolution
		HideSolutionNode = FALSE
	EndGlobalSection
	GlobalSection(ExtensibilityGlobals) = postSolution
		SolutionGuid = {14A41374-C2A3-4BE9-8F97-89AEE194DAF3}
	EndGlobalSection
EndGlobal
